
Microsoft Visual Studio Solution File, Format Version 12.00
# Visual Studio Version 17
VisualStudioVersion = 17.10.35201.131
MinimumVisualStudioVersion = 10.0.40219.1
Project("{9A19103F-16F7-4668-BE54-9A1E7A4F7556}") = "1-EnterpriseLayer", "1-EnterpriseLayer\1-EnterpriseLayer.csproj", "{0B9CDFFA-6146-47D1-AFD0-0A8A6B8F4E2C}"
EndProject
Project("{9A19103F-16F7-4668-BE54-9A1E7A4F7556}") = "2-ApplicationLayer", "2-ApplicationLayer\2-ApplicationLayer.csproj", "{0B42C869-C913-4723-8F1D-8E529101DD73}"
EndProject
Project("{9A19103F-16F7-4668-BE54-9A1E7A4F7556}") = "3-InterfaceAdapters-Data", "3-InterfaceAdapters-Data\3-InterfaceAdapters-Data.csproj", "{8F4584C6-941F-4CCC-B6C2-123921E93B4E}"
EndProject
Project("{9A19103F-16F7-4668-BE54-9A1E7A4F7556}") = "3-InterfaceAdapters-Repository", "3-InterfaceAdapters-Repository\3-InterfaceAdapters-Repository.csproj", "{F5134DAA-1D57-42B6-946B-3A397E60E554}"
EndProject
Project("{9A19103F-16F7-4668-BE54-9A1E7A4F7556}") = "4-FrameworksDrivers-API", "4-FrameworksDrivers-API\4-FrameworksDrivers-API.csproj", "{A84DD723-E0B6-46FE-81E1-B86ED1DFD4E2}"
EndProject
Project("{9A19103F-16F7-4668-BE54-9A1E7A4F7556}") = "3-InterfaceAdapters-Models", "3-InterfaceAdapters-Models\3-InterfaceAdapters-Models.csproj", "{4FEAFC8D-5F69-47AD-99ED-051DF5C363D4}"
EndProject
Project("{9A19103F-16F7-4668-BE54-9A1E7A4F7556}") = "3-InterfaceAdapters-Presenters", "3-InterfaceAdapters-Presenters\3-InterfaceAdapters-Presenters.csproj", "{6B8A7ABE-1ECC-4807-9B53-8A9DC7AE1933}"
EndProject
Project("{9A19103F-16F7-4668-BE54-9A1E7A4F7556}") = "3-InterfaceAdapters-Mappers", "3-InterfaceAdapters-Mappers\3-InterfaceAdapters-Mappers.csproj", "{0B87395B-F2EB-45E2-959D-57B437D58FF1}"
EndProject
Project("{FAE04EC0-301F-11D3-BF4B-00C04F79EFBC}") = "3-InterfaceAdapters-Adapters", "3-InterfaceAdapters-Adapters\3-InterfaceAdapters-Adapters.csproj", "{AAC79045-8937-4335-8924-957E66F086B7}"
EndProject
Project("{FAE04EC0-301F-11D3-BF4B-00C04F79EFBC}") = "4-FrameworksDrivers-ExternalService", "4-FrameworksDrivers-ExternalService\4-FrameworksDrivers-ExternalService.csproj", "{12CC6B44-7366-4FDE-AF35-FD8739D26936}"
EndProject
Project("{FAE04EC0-301F-11D3-BF4B-00C04F79EFBC}") = "4-FrameworksDrivers-Consola", "4-FrameworksDrivers-Consola\4-FrameworksDrivers-Consola.csproj", "{34AE6371-8D29-4523-BB15-23976C23D03A}"
EndProject
Global
	GlobalSection(SolutionConfigurationPlatforms) = preSolution
		Debug|Any CPU = Debug|Any CPU
		Release|Any CPU = Release|Any CPU
	EndGlobalSection
	GlobalSection(ProjectConfigurationPlatforms) = postSolution
		{0B9CDFFA-6146-47D1-AFD0-0A8A6B8F4E2C}.Debug|Any CPU.ActiveCfg = Debug|Any CPU
		{0B9CDFFA-6146-47D1-AFD0-0A8A6B8F4E2C}.Debug|Any CPU.Build.0 = Debug|Any CPU
		{0B9CDFFA-6146-47D1-AFD0-0A8A6B8F4E2C}.Release|Any CPU.ActiveCfg = Release|Any CPU
		{0B9CDFFA-6146-47D1-AFD0-0A8A6B8F4E2C}.Release|Any CPU.Build.0 = Release|Any CPU
		{0B42C869-C913-4723-8F1D-8E529101DD73}.Debug|Any CPU.ActiveCfg = Debug|Any CPU
		{0B42C869-C913-4723-8F1D-8E529101DD73}.Debug|Any CPU.Build.0 = Debug|Any CPU
		{0B42C869-C913-4723-8F1D-8E529101DD73}.Release|Any CPU.ActiveCfg = Release|Any CPU
		{0B42C869-C913-4723-8F1D-8E529101DD73}.Release|Any CPU.Build.0 = Release|Any CPU
		{8F4584C6-941F-4CCC-B6C2-123921E93B4E}.Debug|Any CPU.ActiveCfg = Debug|Any CPU
		{8F4584C6-941F-4CCC-B6C2-123921E93B4E}.Debug|Any CPU.Build.0 = Debug|Any CPU
		{8F4584C6-941F-4CCC-B6C2-123921E93B4E}.Release|Any CPU.ActiveCfg = Release|Any CPU
		{8F4584C6-941F-4CCC-B6C2-123921E93B4E}.Release|Any CPU.Build.0 = Release|Any CPU
		{F5134DAA-1D57-42B6-946B-3A397E60E554}.Debug|Any CPU.ActiveCfg = Debug|Any CPU
		{F5134DAA-1D57-42B6-946B-3A397E60E554}.Debug|Any CPU.Build.0 = Debug|Any CPU
		{F5134DAA-1D57-42B6-946B-3A397E60E554}.Release|Any CPU.ActiveCfg = Release|Any CPU
		{F5134DAA-1D57-42B6-946B-3A397E60E554}.Release|Any CPU.Build.0 = Release|Any CPU
		{A84DD723-E0B6-46FE-81E1-B86ED1DFD4E2}.Debug|Any CPU.ActiveCfg = Debug|Any CPU
		{A84DD723-E0B6-46FE-81E1-B86ED1DFD4E2}.Debug|Any CPU.Build.0 = Debug|Any CPU
		{A84DD723-E0B6-46FE-81E1-B86ED1DFD4E2}.Release|Any CPU.ActiveCfg = Release|Any CPU
		{A84DD723-E0B6-46FE-81E1-B86ED1DFD4E2}.Release|Any CPU.Build.0 = Release|Any CPU
		{4FEAFC8D-5F69-47AD-99ED-051DF5C363D4}.Debug|Any CPU.ActiveCfg = Debug|Any CPU
		{4FEAFC8D-5F69-47AD-99ED-051DF5C363D4}.Debug|Any CPU.Build.0 = Debug|Any CPU
		{4FEAFC8D-5F69-47AD-99ED-051DF5C363D4}.Release|Any CPU.ActiveCfg = Release|Any CPU
		{4FEAFC8D-5F69-47AD-99ED-051DF5C363D4}.Release|Any CPU.Build.0 = Release|Any CPU
		{6B8A7ABE-1ECC-4807-9B53-8A9DC7AE1933}.Debug|Any CPU.ActiveCfg = Debug|Any CPU
		{6B8A7ABE-1ECC-4807-9B53-8A9DC7AE1933}.Debug|Any CPU.Build.0 = Debug|Any CPU
		{6B8A7ABE-1ECC-4807-9B53-8A9DC7AE1933}.Release|Any CPU.ActiveCfg = Release|Any CPU
		{6B8A7ABE-1ECC-4807-9B53-8A9DC7AE1933}.Release|Any CPU.Build.0 = Release|Any CPU
		{0B87395B-F2EB-45E2-959D-57B437D58FF1}.Debug|Any CPU.ActiveCfg = Debug|Any CPU
		{0B87395B-F2EB-45E2-959D-57B437D58FF1}.Debug|Any CPU.Build.0 = Debug|Any CPU
		{0B87395B-F2EB-45E2-959D-57B437D58FF1}.Release|Any CPU.ActiveCfg = Release|Any CPU
		{0B87395B-F2EB-45E2-959D-57B437D58FF1}.Release|Any CPU.Build.0 = Release|Any CPU
		{AAC79045-8937-4335-8924-957E66F086B7}.Debug|Any CPU.ActiveCfg = Debug|Any CPU
		{AAC79045-8937-4335-8924-957E66F086B7}.Debug|Any CPU.Build.0 = Debug|Any CPU
		{AAC79045-8937-4335-8924-957E66F086B7}.Release|Any CPU.ActiveCfg = Release|Any CPU
		{AAC79045-8937-4335-8924-957E66F086B7}.Release|Any CPU.Build.0 = Release|Any CPU
		{12CC6B44-7366-4FDE-AF35-FD8739D26936}.Debug|Any CPU.ActiveCfg = Debug|Any CPU
		{12CC6B44-7366-4FDE-AF35-FD8739D26936}.Debug|Any CPU.Build.0 = Debug|Any CPU
		{12CC6B44-7366-4FDE-AF35-FD8739D26936}.Release|Any CPU.ActiveCfg = Release|Any CPU
		{12CC6B44-7366-4FDE-AF35-FD8739D26936}.Release|Any CPU.Build.0 = Release|Any CPU
		{34AE6371-8D29-4523-BB15-23976C23D03A}.Debug|Any CPU.ActiveCfg = Debug|Any CPU
		{34AE6371-8D29-4523-BB15-23976C23D03A}.Debug|Any CPU.Build.0 = Debug|Any CPU
		{34AE6371-8D29-4523-BB15-23976C23D03A}.Release|Any CPU.ActiveCfg = Release|Any CPU
		{34AE6371-8D29-4523-BB15-23976C23D03A}.Release|Any CPU.Build.0 = Release|Any CPU
	EndGlobalSection
	GlobalSection(SolutionProperties) = preSolution
		HideSolutionNode = FALSE
	EndGlobalSection
	GlobalSection(ExtensibilityGlobals) = postSolution
		SolutionGuid = {D9D81550-A79C-4499-BDBC-ABF48786058F}
	EndGlobalSection
EndGlobal
