
Microsoft Visual Studio Solution File, Format Version 12.00
# Visual Studio Version 17
VisualStudioVersion = 17.10.35201.131
MinimumVisualStudioVersion = 10.0.40219.1
Project("{9A19103F-16F7-4668-BE54-9A1E7A4F7556}") = "1 - Entities", "1 - Entities\1 - Entities.csproj", "{4C20195D-2080-4971-A389-B4B315285B87}"
EndProject
Project("{9A19103F-16F7-4668-BE54-9A1E7A4F7556}") = "2 - Services", "2 - Services\2 - Services.csproj", "{AF3046CA-F17B-45C2-965A-A0DF44579ECC}"
EndProject
Project("{9A19103F-16F7-4668-BE54-9A1E7A4F7556}") = "3 - Data", "3 - Data\3 - Data.csproj", "{EBFF5687-85A7-4526-839B-4FDADEC22EF2}"
EndProject
Project("{9A19103F-16F7-4668-BE54-9A1E7A4F7556}") = "3 - Repositories", "3 - Repositories\3 - Repositories.csproj", "{95C439B9-21EB-408C-806D-6C5EE26EE278}"
EndProject
Project("{9A19103F-16F7-4668-BE54-9A1E7A4F7556}") = "4 - API", "4 - API\4 - API.csproj", "{BE8E0F5D-5C96-4FF2-B337-7DA97DC58026}"
EndProject
Project("{9A19103F-16F7-4668-BE54-9A1E7A4F7556}") = "3 - Presenters", "3 - Presenters\3 - Presenters.csproj", "{1DBBC3D9-C167-47D2-A5E0-817BD0B69F8B}"
EndProject
Project("{9A19103F-16F7-4668-BE54-9A1E7A4F7556}") = "3 - Mappers", "3 - Mappers\3 - Mappers.csproj", "{365E1803-93C7-4D36-B425-5753378E4C2E}"
EndProject
Project("{9A19103F-16F7-4668-BE54-9A1E7A4F7556}") = "3 - Validators", "3 - Validators\3 - Validators.csproj", "{FEA7BF8F-7519-4FB2-8842-D4E1E5AE189B}"
EndProject
Project("{9A19103F-16F7-4668-BE54-9A1E7A4F7556}") = "3 -  Adapters", "3 -  Adapters\3 -  Adapters.csproj", "{C1BC0EB4-6A4E-4D12-A5C9-D48FD0C6465B}"
EndProject
Project("{9A19103F-16F7-4668-BE54-9A1E7A4F7556}") = "4 - ExternalServices", "4 - ExternalServices\4 - ExternalServices.csproj", "{67F78848-67A9-4968-8A77-FAF60F9D50BF}"
EndProject
Project("{9A19103F-16F7-4668-BE54-9A1E7A4F7556}") = "4 - Console", "4 - Console\4 - Console.csproj", "{B08AA3A9-3927-43CE-A33E-57E440305C4D}"
EndProject
Project("{2150E333-8FDC-42A3-9474-1A3956D46DE8}") = "UnitTests", "UnitTests", "{B2E9BD39-F35E-453D-8EAC-1D24A92A7353}"
EndProject
Project("{9A19103F-16F7-4668-BE54-9A1E7A4F7556}") = "2 - Services.Tests", "Unit Tests\2 - Services.Tests\2 - Services.Tests.csproj", "{F7C9DB02-A3BD-460E-8115-8FE3373A066B}"
EndProject
Project("{9A19103F-16F7-4668-BE54-9A1E7A4F7556}") = "1 - Entities.Tests", "Unit Tests\1 - Entities.Tests\1 - Entities.Tests.csproj", "{7F8F323A-BD9E-4E96-BF32-41FB4B430486}"
EndProject
Project("{9A19103F-16F7-4668-BE54-9A1E7A4F7556}") = "3 - Adapters.Tests", "Unit Tests\3 - Adapters.Tests\3 - Adapters.Tests.csproj", "{61D483A8-C0E3-4281-8652-7ECC89B5CE48}"
EndProject
Project("{9A19103F-16F7-4668-BE54-9A1E7A4F7556}") = "3 - Mappers.Tests", "Unit Tests\3 - Mappers.Tests\3 - Mappers.Tests.csproj", "{175393E9-F872-4645-8060-943FCFE95C3D}"
EndProject
Project("{9A19103F-16F7-4668-BE54-9A1E7A4F7556}") = "3 - Presenters.Tests", "Unit Tests\3 - Presenters.Tests\3 - Presenters.Tests.csproj", "{0F4AE876-4826-497F-9325-FAB537DFFCAF}"
EndProject
Project("{9A19103F-16F7-4668-BE54-9A1E7A4F7556}") = "3 - Repositories.Tests", "Unit Tests\3 - Repositories.Tests\3 - Repositories.Tests.csproj", "{206FD514-E6B1-4A1C-A91E-5653B5765A2F}"
EndProject
Project("{9A19103F-16F7-4668-BE54-9A1E7A4F7556}") = "3 - Validators.Tests", "Unit Tests\3 - Validators.Tests\3 - Validators.Tests.csproj", "{37091751-196E-4FBB-9EFE-E2CABD4EE94E}"
EndProject
Project("{9A19103F-16F7-4668-BE54-9A1E7A4F7556}") = "4 - ExternalServices.Tests", "Unit Tests\4 - ExternalServices.Tests\4 - ExternalServices.Tests.csproj", "{3AE09551-D285-458F-BB38-B824AEAED0E4}"
EndProject
Project("{9A19103F-16F7-4668-BE54-9A1E7A4F7556}") = "4 - API.Tests", "Unit Tests\4 - API.Tests\4 - API.Tests.csproj", "{1A3B97D9-E721-43C2-B92E-6A17C6784BCE}"
EndProject
Global
	GlobalSection(SolutionConfigurationPlatforms) = preSolution
		Debug|Any CPU = Debug|Any CPU
		Release|Any CPU = Release|Any CPU
	EndGlobalSection
	GlobalSection(ProjectConfigurationPlatforms) = postSolution
		{4C20195D-2080-4971-A389-B4B315285B87}.Debug|Any CPU.ActiveCfg = Debug|Any CPU
		{4C20195D-2080-4971-A389-B4B315285B87}.Debug|Any CPU.Build.0 = Debug|Any CPU
		{4C20195D-2080-4971-A389-B4B315285B87}.Release|Any CPU.ActiveCfg = Release|Any CPU
		{4C20195D-2080-4971-A389-B4B315285B87}.Release|Any CPU.Build.0 = Release|Any CPU
		{AF3046CA-F17B-45C2-965A-A0DF44579ECC}.Debug|Any CPU.ActiveCfg = Debug|Any CPU
		{AF3046CA-F17B-45C2-965A-A0DF44579ECC}.Debug|Any CPU.Build.0 = Debug|Any CPU
		{AF3046CA-F17B-45C2-965A-A0DF44579ECC}.Release|Any CPU.ActiveCfg = Release|Any CPU
		{AF3046CA-F17B-45C2-965A-A0DF44579ECC}.Release|Any CPU.Build.0 = Release|Any CPU
		{EBFF5687-85A7-4526-839B-4FDADEC22EF2}.Debug|Any CPU.ActiveCfg = Debug|Any CPU
		{EBFF5687-85A7-4526-839B-4FDADEC22EF2}.Debug|Any CPU.Build.0 = Debug|Any CPU
		{EBFF5687-85A7-4526-839B-4FDADEC22EF2}.Release|Any CPU.ActiveCfg = Release|Any CPU
		{EBFF5687-85A7-4526-839B-4FDADEC22EF2}.Release|Any CPU.Build.0 = Release|Any CPU
		{95C439B9-21EB-408C-806D-6C5EE26EE278}.Debug|Any CPU.ActiveCfg = Debug|Any CPU
		{95C439B9-21EB-408C-806D-6C5EE26EE278}.Debug|Any CPU.Build.0 = Debug|Any CPU
		{95C439B9-21EB-408C-806D-6C5EE26EE278}.Release|Any CPU.ActiveCfg = Release|Any CPU
		{95C439B9-21EB-408C-806D-6C5EE26EE278}.Release|Any CPU.Build.0 = Release|Any CPU
		{BE8E0F5D-5C96-4FF2-B337-7DA97DC58026}.Debug|Any CPU.ActiveCfg = Debug|Any CPU
		{BE8E0F5D-5C96-4FF2-B337-7DA97DC58026}.Debug|Any CPU.Build.0 = Debug|Any CPU
		{BE8E0F5D-5C96-4FF2-B337-7DA97DC58026}.Release|Any CPU.ActiveCfg = Release|Any CPU
		{BE8E0F5D-5C96-4FF2-B337-7DA97DC58026}.Release|Any CPU.Build.0 = Release|Any CPU
		{1DBBC3D9-C167-47D2-A5E0-817BD0B69F8B}.Debug|Any CPU.ActiveCfg = Debug|Any CPU
		{1DBBC3D9-C167-47D2-A5E0-817BD0B69F8B}.Debug|Any CPU.Build.0 = Debug|Any CPU
		{1DBBC3D9-C167-47D2-A5E0-817BD0B69F8B}.Release|Any CPU.ActiveCfg = Release|Any CPU
		{1DBBC3D9-C167-47D2-A5E0-817BD0B69F8B}.Release|Any CPU.Build.0 = Release|Any CPU
		{365E1803-93C7-4D36-B425-5753378E4C2E}.Debug|Any CPU.ActiveCfg = Debug|Any CPU
		{365E1803-93C7-4D36-B425-5753378E4C2E}.Debug|Any CPU.Build.0 = Debug|Any CPU
		{365E1803-93C7-4D36-B425-5753378E4C2E}.Release|Any CPU.ActiveCfg = Release|Any CPU
		{365E1803-93C7-4D36-B425-5753378E4C2E}.Release|Any CPU.Build.0 = Release|Any CPU
		{FEA7BF8F-7519-4FB2-8842-D4E1E5AE189B}.Debug|Any CPU.ActiveCfg = Debug|Any CPU
		{FEA7BF8F-7519-4FB2-8842-D4E1E5AE189B}.Debug|Any CPU.Build.0 = Debug|Any CPU
		{FEA7BF8F-7519-4FB2-8842-D4E1E5AE189B}.Release|Any CPU.ActiveCfg = Release|Any CPU
		{FEA7BF8F-7519-4FB2-8842-D4E1E5AE189B}.Release|Any CPU.Build.0 = Release|Any CPU
		{C1BC0EB4-6A4E-4D12-A5C9-D48FD0C6465B}.Debug|Any CPU.ActiveCfg = Debug|Any CPU
		{C1BC0EB4-6A4E-4D12-A5C9-D48FD0C6465B}.Debug|Any CPU.Build.0 = Debug|Any CPU
		{C1BC0EB4-6A4E-4D12-A5C9-D48FD0C6465B}.Release|Any CPU.ActiveCfg = Release|Any CPU
		{C1BC0EB4-6A4E-4D12-A5C9-D48FD0C6465B}.Release|Any CPU.Build.0 = Release|Any CPU
		{67F78848-67A9-4968-8A77-FAF60F9D50BF}.Debug|Any CPU.ActiveCfg = Debug|Any CPU
		{67F78848-67A9-4968-8A77-FAF60F9D50BF}.Debug|Any CPU.Build.0 = Debug|Any CPU
		{67F78848-67A9-4968-8A77-FAF60F9D50BF}.Release|Any CPU.ActiveCfg = Release|Any CPU
		{67F78848-67A9-4968-8A77-FAF60F9D50BF}.Release|Any CPU.Build.0 = Release|Any CPU
		{B08AA3A9-3927-43CE-A33E-57E440305C4D}.Debug|Any CPU.ActiveCfg = Debug|Any CPU
		{B08AA3A9-3927-43CE-A33E-57E440305C4D}.Debug|Any CPU.Build.0 = Debug|Any CPU
		{B08AA3A9-3927-43CE-A33E-57E440305C4D}.Release|Any CPU.ActiveCfg = Release|Any CPU
		{B08AA3A9-3927-43CE-A33E-57E440305C4D}.Release|Any CPU.Build.0 = Release|Any CPU
		{F7C9DB02-A3BD-460E-8115-8FE3373A066B}.Debug|Any CPU.ActiveCfg = Debug|Any CPU
		{F7C9DB02-A3BD-460E-8115-8FE3373A066B}.Debug|Any CPU.Build.0 = Debug|Any CPU
		{F7C9DB02-A3BD-460E-8115-8FE3373A066B}.Release|Any CPU.ActiveCfg = Release|Any CPU
		{F7C9DB02-A3BD-460E-8115-8FE3373A066B}.Release|Any CPU.Build.0 = Release|Any CPU
		{7F8F323A-BD9E-4E96-BF32-41FB4B430486}.Debug|Any CPU.ActiveCfg = Debug|Any CPU
		{7F8F323A-BD9E-4E96-BF32-41FB4B430486}.Debug|Any CPU.Build.0 = Debug|Any CPU
		{7F8F323A-BD9E-4E96-BF32-41FB4B430486}.Release|Any CPU.ActiveCfg = Release|Any CPU
		{7F8F323A-BD9E-4E96-BF32-41FB4B430486}.Release|Any CPU.Build.0 = Release|Any CPU
		{61D483A8-C0E3-4281-8652-7ECC89B5CE48}.Debug|Any CPU.ActiveCfg = Debug|Any CPU
		{61D483A8-C0E3-4281-8652-7ECC89B5CE48}.Debug|Any CPU.Build.0 = Debug|Any CPU
		{61D483A8-C0E3-4281-8652-7ECC89B5CE48}.Release|Any CPU.ActiveCfg = Release|Any CPU
		{61D483A8-C0E3-4281-8652-7ECC89B5CE48}.Release|Any CPU.Build.0 = Release|Any CPU
		{175393E9-F872-4645-8060-943FCFE95C3D}.Debug|Any CPU.ActiveCfg = Debug|Any CPU
		{175393E9-F872-4645-8060-943FCFE95C3D}.Debug|Any CPU.Build.0 = Debug|Any CPU
		{175393E9-F872-4645-8060-943FCFE95C3D}.Release|Any CPU.ActiveCfg = Release|Any CPU
		{175393E9-F872-4645-8060-943FCFE95C3D}.Release|Any CPU.Build.0 = Release|Any CPU
		{0F4AE876-4826-497F-9325-FAB537DFFCAF}.Debug|Any CPU.ActiveCfg = Debug|Any CPU
		{0F4AE876-4826-497F-9325-FAB537DFFCAF}.Debug|Any CPU.Build.0 = Debug|Any CPU
		{0F4AE876-4826-497F-9325-FAB537DFFCAF}.Release|Any CPU.ActiveCfg = Release|Any CPU
		{0F4AE876-4826-497F-9325-FAB537DFFCAF}.Release|Any CPU.Build.0 = Release|Any CPU
		{206FD514-E6B1-4A1C-A91E-5653B5765A2F}.Debug|Any CPU.ActiveCfg = Debug|Any CPU
		{206FD514-E6B1-4A1C-A91E-5653B5765A2F}.Debug|Any CPU.Build.0 = Debug|Any CPU
		{206FD514-E6B1-4A1C-A91E-5653B5765A2F}.Release|Any CPU.ActiveCfg = Release|Any CPU
		{206FD514-E6B1-4A1C-A91E-5653B5765A2F}.Release|Any CPU.Build.0 = Release|Any CPU
		{37091751-196E-4FBB-9EFE-E2CABD4EE94E}.Debug|Any CPU.ActiveCfg = Debug|Any CPU
		{37091751-196E-4FBB-9EFE-E2CABD4EE94E}.Debug|Any CPU.Build.0 = Debug|Any CPU
		{37091751-196E-4FBB-9EFE-E2CABD4EE94E}.Release|Any CPU.ActiveCfg = Release|Any CPU
		{37091751-196E-4FBB-9EFE-E2CABD4EE94E}.Release|Any CPU.Build.0 = Release|Any CPU
		{3AE09551-D285-458F-BB38-B824AEAED0E4}.Debug|Any CPU.ActiveCfg = Debug|Any CPU
		{3AE09551-D285-458F-BB38-B824AEAED0E4}.Debug|Any CPU.Build.0 = Debug|Any CPU
		{3AE09551-D285-458F-BB38-B824AEAED0E4}.Release|Any CPU.ActiveCfg = Release|Any CPU
		{3AE09551-D285-458F-BB38-B824AEAED0E4}.Release|Any CPU.Build.0 = Release|Any CPU
		{1A3B97D9-E721-43C2-B92E-6A17C6784BCE}.Debug|Any CPU.ActiveCfg = Debug|Any CPU
		{1A3B97D9-E721-43C2-B92E-6A17C6784BCE}.Debug|Any CPU.Build.0 = Debug|Any CPU
		{1A3B97D9-E721-43C2-B92E-6A17C6784BCE}.Release|Any CPU.ActiveCfg = Release|Any CPU
		{1A3B97D9-E721-43C2-B92E-6A17C6784BCE}.Release|Any CPU.Build.0 = Release|Any CPU
	EndGlobalSection
	GlobalSection(SolutionProperties) = preSolution
		HideSolutionNode = FALSE
	EndGlobalSection
	GlobalSection(NestedProjects) = preSolution
		{F7C9DB02-A3BD-460E-8115-8FE3373A066B} = {B2E9BD39-F35E-453D-8EAC-1D24A92A7353}
		{7F8F323A-BD9E-4E96-BF32-41FB4B430486} = {B2E9BD39-F35E-453D-8EAC-1D24A92A7353}
		{61D483A8-C0E3-4281-8652-7ECC89B5CE48} = {B2E9BD39-F35E-453D-8EAC-1D24A92A7353}
		{175393E9-F872-4645-8060-943FCFE95C3D} = {B2E9BD39-F35E-453D-8EAC-1D24A92A7353}
		{0F4AE876-4826-497F-9325-FAB537DFFCAF} = {B2E9BD39-F35E-453D-8EAC-1D24A92A7353}
		{206FD514-E6B1-4A1C-A91E-5653B5765A2F} = {B2E9BD39-F35E-453D-8EAC-1D24A92A7353}
		{37091751-196E-4FBB-9EFE-E2CABD4EE94E} = {B2E9BD39-F35E-453D-8EAC-1D24A92A7353}
		{3AE09551-D285-458F-BB38-B824AEAED0E4} = {B2E9BD39-F35E-453D-8EAC-1D24A92A7353}
		{1A3B97D9-E721-43C2-B92E-6A17C6784BCE} = {B2E9BD39-F35E-453D-8EAC-1D24A92A7353}
	EndGlobalSection
	GlobalSection(ExtensibilityGlobals) = postSolution
		SolutionGuid = {A8D9F70C-A200-43C6-BE5D-DC23E2E1E737}
	EndGlobalSection
EndGlobal
