
Microsoft Visual Studio Solution File, Format Version 12.00
# Visual Studio Version 17
VisualStudioVersion = 17.10.35201.131
MinimumVisualStudioVersion = 10.0.40219.1
Project("{9A19103F-16F7-4668-BE54-9A1E7A4F7556}") = "1 - Entities", "1 - Entities\1 - Entities.csproj", "{4C20195D-2080-4971-A389-B4B315285B87}"
EndProject
Project("{9A19103F-16F7-4668-BE54-9A1E7A4F7556}") = "2 - Services", "2 - Services\2 - Services.csproj", "{AF3046CA-F17B-45C2-965A-A0DF44579ECC}"
EndProject
Project("{9A19103F-16F7-4668-BE54-9A1E7A4F7556}") = "3 - Data", "3 - Data\3 - Data.csproj", "{EBFF5687-85A7-4526-839B-4FDADEC22EF2}"
EndProject
Project("{FAE04EC0-301F-11D3-BF4B-00C04F79EFBC}") = "3 - Repositories", "3 - Repositories\3 - Repositories.csproj", "{95C439B9-21EB-408C-806D-6C5EE26EE278}"
EndProject
Project("{FAE04EC0-301F-11D3-BF4B-00C04F79EFBC}") = "4 - API", "4 - API\4 - API.csproj", "{BE8E0F5D-5C96-4FF2-B337-7DA97DC58026}"
EndProject
Global
	GlobalSection(SolutionConfigurationPlatforms) = preSolution
		Debug|Any CPU = Debug|Any CPU
		Release|Any CPU = Release|Any CPU
	EndGlobalSection
	GlobalSection(ProjectConfigurationPlatforms) = postSolution
		{4C20195D-2080-4971-A389-B4B315285B87}.Debug|Any CPU.ActiveCfg = Debug|Any CPU
		{4C20195D-2080-4971-A389-B4B315285B87}.Debug|Any CPU.Build.0 = Debug|Any CPU
		{4C20195D-2080-4971-A389-B4B315285B87}.Release|Any CPU.ActiveCfg = Release|Any CPU
		{4C20195D-2080-4971-A389-B4B315285B87}.Release|Any CPU.Build.0 = Release|Any CPU
		{AF3046CA-F17B-45C2-965A-A0DF44579ECC}.Debug|Any CPU.ActiveCfg = Debug|Any CPU
		{AF3046CA-F17B-45C2-965A-A0DF44579ECC}.Debug|Any CPU.Build.0 = Debug|Any CPU
		{AF3046CA-F17B-45C2-965A-A0DF44579ECC}.Release|Any CPU.ActiveCfg = Release|Any CPU
		{AF3046CA-F17B-45C2-965A-A0DF44579ECC}.Release|Any CPU.Build.0 = Release|Any CPU
		{EBFF5687-85A7-4526-839B-4FDADEC22EF2}.Debug|Any CPU.ActiveCfg = Debug|Any CPU
		{EBFF5687-85A7-4526-839B-4FDADEC22EF2}.Debug|Any CPU.Build.0 = Debug|Any CPU
		{EBFF5687-85A7-4526-839B-4FDADEC22EF2}.Release|Any CPU.ActiveCfg = Release|Any CPU
		{EBFF5687-85A7-4526-839B-4FDADEC22EF2}.Release|Any CPU.Build.0 = Release|Any CPU
		{95C439B9-21EB-408C-806D-6C5EE26EE278}.Debug|Any CPU.ActiveCfg = Debug|Any CPU
		{95C439B9-21EB-408C-806D-6C5EE26EE278}.Debug|Any CPU.Build.0 = Debug|Any CPU
		{95C439B9-21EB-408C-806D-6C5EE26EE278}.Release|Any CPU.ActiveCfg = Release|Any CPU
		{95C439B9-21EB-408C-806D-6C5EE26EE278}.Release|Any CPU.Build.0 = Release|Any CPU
		{BE8E0F5D-5C96-4FF2-B337-7DA97DC58026}.Debug|Any CPU.ActiveCfg = Debug|Any CPU
		{BE8E0F5D-5C96-4FF2-B337-7DA97DC58026}.Debug|Any CPU.Build.0 = Debug|Any CPU
		{BE8E0F5D-5C96-4FF2-B337-7DA97DC58026}.Release|Any CPU.ActiveCfg = Release|Any CPU
		{BE8E0F5D-5C96-4FF2-B337-7DA97DC58026}.Release|Any CPU.Build.0 = Release|Any CPU
	EndGlobalSection
	GlobalSection(SolutionProperties) = preSolution
		HideSolutionNode = FALSE
	EndGlobalSection
	GlobalSection(ExtensibilityGlobals) = postSolution
		SolutionGuid = {A8D9F70C-A200-43C6-BE5D-DC23E2E1E737}
	EndGlobalSection
EndGlobal
